lockfileVersion: '9.0'

settings:
  autoInstallPeers: true
  excludeLinksFromLockfile: false

importers:

  .:
    dependencies:
      cookie-parser:
        specifier: ^1.4.7
        version: 1.4.7
      dotenv:
        specifier: ^17.2.2
        version: 17.4.2
      express:
        specifier: ^5.1.0
        version: 5.2.1
      express-rate-limit:
        specifier: ^8.1.0
        version: 8.7.0(express@5.2.1)
      helmet:
        specifier: ^8.1.0
        version: 8.3.0
      html2canvas:
        specifier: ^1.4.1
        version: 1.4.1
      jspdf:
        specifier: ^4.2.1
        version: 4.2.1
      resend:
        specifier: ^6.0.2
        version: 6.28.0
      zod:
        specifier: ^4.1.5
        version: 4.6.2

packages:

  '@babel/runtime@7.29.7':
    resolution: {integrity: sha512-Nq8OhGWiZIZGV6hLHoyAKLLcJihP/xFeBMGJoUrxTX2psI8dCifzLhZISFb+VWS3wFMRDmCGw5R+dOySCqPLhw==, tarball: https://registry.npmjs.org/@babel/runtime/-/runtime-7.29.7.tgz}
    engines: {node: '>=6.9.0'}

  '@stablelib/base64@1.0.1':
    resolution: {integrity: sha512-1bnPQqSxSuc3Ii6MhBysoWCg58j97aUjuCSZrGSmDxNqtytIi0k8utUenAwTZN4V5mXXYGsVUI9zeBqy+jBOSQ==, tarball: https://registry.npmjs.org/@stablelib/base64/-/base64-1.0.1.tgz}

  '@types/pako@2.0.4':
    resolution: {integrity: sha512-VWDCbrLeVXJM9fihYodcLiIv0ku+AlOa/TQ1SvYOaBuyrSKgEcro95LJyIsJ4vSo6BXIxOKxiJAat04CmST9Fw==, tarball: https://registry.npmjs.org/@types/pako/-/pako-2.0.4.tgz}

  '@types/raf@3.4.3':
    resolution: {integrity: sha512-c4YAvMedbPZ5tEyxzQdMoOhhJ4RD3rngZIdwC2/qDN3d7JpEhB6fiBRKVY1lg5B7Wk+uPBjn5f39j1/2MY1oOw==, tarball: https://registry.npmjs.org/@types/raf/-/raf-3.4.3.tgz}

  '@types/trusted-types@2.0.7':
    resolution: {integrity: sha512-ScaPdn1dQczgbl0QFTeTOmVHFULt394XJgOQNoyVhZ6r2vLnMLJfBPd53SB52T/3G36VI1/g2MZaX0cwDuXsfw==, tarball: https://registry.npmjs.org/@types/trusted-types/-/trusted-types-2.0.7.tgz}

  accepts@2.0.0:
    resolution: {integrity: sha512-5cvg6CtKwfgdmVqY1WIiXKc3Q1bkRqGLi+2W/6ao+6Y7gu/RCwRuAhGEzh5B4KlszSuTLgZYuqFqo5bImjNKng==, tarball: https://registry.npmjs.org/accepts/-/accepts-2.0.0.tgz}
    engines: {node: '>= 0.6'}

  base64-arraybuffer@1.0.2:
    resolution: {integrity: sha512-I3yl4r9QB5ZRY3XuJVEPfc2XhZO6YweFPI+UovAzn+8/hb3oJ6lnysaFcjVpkCPfVWFUDvoZ8kmVDP7WyRtYtQ==, tarball: https://registry.npmjs.org/base64-arraybuffer/-/base64-arraybuffer-1.0.2.tgz}
    engines: {node: '>= 0.6.0'}

  body-parser@2.3.0:
    resolution: {integrity: sha512-2cGmJupaNgg+QUwVLAucDuWuoMZ6EX9iHDRswZ5lsNYEmwPaRknMPCLZz07yTzVq/83p4o/wzbDZbBrTvGGTIw==, tarball: https://registry.npmjs.org/body-parser/-/body-parser-2.3.0.tgz}
    engines: {node: '>=18'}

  bytes@3.1.2:
    resolution: {integrity: sha512-/Nf7TyzTx6S3yRJObOAV7956r8cr2+Oj8AC5dt8wSP3BQAoeX58NoHyCU8P8zGkNXStjTSi6fzO6F0pBdcYbEg==, tarball: https://registry.npmjs.org/bytes/-/bytes-3.1.2.tgz}
    engines: {node: '>= 0.8'}

  call-bind-apply-helpers@1.0.2:
    resolution: {integrity: sha512-Sp1ablJ0ivDkSzjcaJdxEunN5/XvksFJ2sMBFfq6x0ryhQV/2b/KwFe21cMpmHtPOSij8K99/wSfoEuTObmuMQ==, tarball: https://registry.npmjs.org/call-bind-apply-helpers/-/call-bind-apply-helpers-1.0.2.tgz}
    engines: {node: '>= 0.4'}

  call-bound@1.0.4:
    resolution: {integrity: sha512-+ys997U96po4Kx/ABpBCqhA9EuxJaQWDQg7295H4hBphv3IZg0boBKuwYpt4YXp6MZ5AmZQnU/tyMTlRpaSejg==, tarball: https://registry.npmjs.org/call-bound/-/call-bound-1.0.4.tgz}
    engines: {node: '>= 0.4'}

  canvg@3.0.11:
    resolution: {integrity: sha512-5ON+q7jCTgMp9cjpu4Jo6XbvfYwSB2Ow3kzHKfIyJfaCAOHLbdKPQqGKgfED/R5B+3TFFfe8pegYA+b423SRyA==, tarball: https://registry.npmjs.org/canvg/-/canvg-3.0.11.tgz}
    engines: {node: '>=10.0.0'}

  content-disposition@1.1.0:
    resolution: {integrity: sha512-5jRCH9Z/+DRP7rkvY83B+yGIGX96OYdJmzngqnw2SBSxqCFPd0w2km3s5iawpGX8krnwSGmF0FW5Nhr0Hfai3g==, tarball: https://registry.npmjs.org/content-disposition/-/content-disposition-1.1.0.tgz}
    engines: {node: '>=18'}

  content-type@1.0.5:
    resolution: {integrity: sha512-nTjqfcBFEipKdXCv4YDQWCfmcLZKm81ldF0pAopTvyrFGVbcR6P/VAAd5G7N+0tTr8QqiU0tFadD6FK4NtJwOA==, tarball: https://registry.npmjs.org/content-type/-/content-type-1.0.5.tgz}
    engines: {node: '>= 0.6'}

  content-type@2.1.0:
    resolution: {integrity: sha512-mj7UPXE0jaqaOsukNZRUEfEi2AcL7C/vwmwcHV0O97eO1E1pxBZuyjlZrx5seTaNBg1U6+o35wpa35Qfcc+7ag==, tarball: https://registry.npmjs.org/content-type/-/content-type-2.1.0.tgz}
    engines: {node: '>=18'}

  cookie-parser@1.4.7:
    resolution: {integrity: sha512-nGUvgXnotP3BsjiLX2ypbQnWoGUPIIfHQNZkkC668ntrzGWEZVW70HDEB1qnNGMicPje6EttlIgzo51YSwNQGw==, tarball: https://registry.npmjs.org/cookie-parser/-/cookie-parser-1.4.7.tgz}
    engines: {node: '>= 0.8.0'}

  cookie-signature@1.0.6:
    resolution: {integrity: sha512-QADzlaHc8icV8I7vbaJXJwod9HWYp8uCqf1xa4OfNu1T7JVxQIrUgOWtHdNDtPiywmFbiS12VjotIXLrKM3orQ==, tarball: https://registry.npmjs.org/cookie-signature/-/cookie-signature-1.0.6.tgz}

  cookie-signature@1.2.2:
    resolution: {integrity: sha512-D76uU73ulSXrD1UXF4KE2TMxVVwhsnCgfAyTg9k8P6KGZjlXKrOLe4dJQKI3Bxi5wjesZoFXJWElNWBjPZMbhg==, tarball: https://registry.npmjs.org/cookie-signature/-/cookie-signature-1.2.2.tgz}
    engines: {node: '>=6.6.0'}

  cookie@0.7.2:
    resolution: {integrity: sha512-yki5XnKuf750l50uGTllt6kKILY4nQ1eNIQatoXEByZ5dWgnKqbnqmTrBE5B4N7lrMJKQ2ytWMiTO2o0v6Ew/w==, tarball: https://registry.npmjs.org/cookie/-/cookie-0.7.2.tgz}
    engines: {node: '>= 0.6'}

  core-js@3.50.0:
    resolution: {integrity: sha512-BRWgOLKkFeCgRudR6zrs8p9XJZcE14grzKMMssoYrk6krtuEZ7MTKPIY5RzOnqsEKIR9kst7wNzphttraT+Yqw==, tarball: https://registry.npmjs.org/core-js/-/core-js-3.50.0.tgz}

  css-line-break@2.1.0:
    resolution: {integrity: sha512-FHcKFCZcAha3LwfVBhCQbW2nCNbkZXn7KVUJcsT5/P8YmfsVja0FMPJr0B903j/E69HUphKiV9iQArX8SDYA4w==, tarball: https://registry.npmjs.org/css-line-break/-/css-line-break-2.1.0.tgz}

  debug@4.4.3:
    resolution: {integrity: sha512-RGwwWnwQvkVfavKVt22FGLw+xYSdzARwm0ru6DhTVA3umU5hZc28V3kO4stgYryrTlLpuvgI9GiijltAjNbcqA==, tarball: https://registry.npmjs.org/debug/-/debug-4.4.3.tgz}
    engines: {node: '>=6.0'}
    peerDependencies:
      supports-color: '*'
    peerDependenciesMeta:
      supports-color:
        optional: true

  depd@2.0.0:
    resolution: {integrity: sha512-g7nH6P6dyDioJogAAGprGpCtVImJhpPk/roCzdb3fIh61/s/nPsfR6onyMwkCAR/OlC3yBC0lESvUoQEAssIrw==, tarball: https://registry.npmjs.org/depd/-/depd-2.0.0.tgz}
    engines: {node: '>= 0.8'}

  dompurify@3.4.15:
    resolution: {integrity: sha512-EUBjM+B+lkDE41iE82DDSCfkoPGfXx8IxFxPMjNzm/Uk4xDet77rTN9wqlxlVg71kK7XGuUMv6wUxJUwwv+Xyw==, tarball: https://registry.npmjs.org/dompurify/-/dompurify-3.4.15.tgz}

  dotenv@17.4.2:
    resolution: {integrity: sha512-nI4U3TottKAcAD9LLud4Cb7b2QztQMUEfHbvhTH09bqXTxnSie8WnjPALV/WMCrJZ6UV/qHJ6L03OqO3LcdYZw==, tarball: https://registry.npmjs.org/dotenv/-/dotenv-17.4.2.tgz}
    engines: {node: '>=12'}

  dunder-proto@1.0.1:
    resolution: {integrity: sha512-KIN/nDJBQRcXw0MLVhZE9iQHmG68qAVIBg9CqmUYjmQIhgij9U5MFvrqkUL5FbtyyzZuOeOt0zdeRe4UY7ct+A==, tarball: https://registry.npmjs.org/dunder-proto/-/dunder-proto-1.0.1.tgz}
    engines: {node: '>= 0.4'}

  ee-first@1.1.1:
    resolution: {integrity: sha512-WMwm9LhRUo+WUaRN+vRuETqG89IgZphVSNkdFgeb6sS/E4OrDIN7t48CAewSHXc6C8lefD8KKfr5vY61brQlow==, tarball: https://registry.npmjs.org/ee-first/-/ee-first-1.1.1.tgz}

  encodeurl@2.0.0:
    resolution: {integrity: sha512-Q0n9HRi4m6JuGIV1eFlmvJB7ZEVxu93IrMyiMsGC0lrMJMWzRgx6WGquyfQgZVb31vhGgXnfmPNNXmxnOkRBrg==, tarball: https://registry.npmjs.org/encodeurl/-/encodeurl-2.0.0.tgz}
    engines: {node: '>= 0.8'}

  es-define-property@1.0.1:
    resolution: {integrity: sha512-e3nRfgfUZ4rNGL232gUgX06QNyyez04KdjFrF+LTRoOXmrOgFKDg4BCdsjW8EnT69eqdYGmRpJwiPVYNrCaW3g==, tarball: https://registry.npmjs.org/es-define-property/-/es-define-property-1.0.1.tgz}
    engines: {node: '>= 0.4'}

  es-errors@1.3.0:
    resolution: {integrity: sha512-Zf5H2Kxt2xjTvbJvP2ZWLEICxA6j+hAmMzIlypy4xcBg1vKVnx89Wy0GbS+kf5cwCVFFzdCFh2XSCFNULS6csw==, tarball: https://registry.npmjs.org/es-errors/-/es-errors-1.3.0.tgz}
    engines: {node: '>= 0.4'}

  es-object-atoms@1.1.2:
    resolution: {integrity: sha512-HWcBoN6NileqtSydK2FqHbS/LoDd2pqrnQHLyJzBj4kOp/ky2MWMN694xOfkK8/SnUsW2DH7EfyVlydKCsm1Zw==, tarball: https://registry.npmjs.org/es-object-atoms/-/es-object-atoms-1.1.2.tgz}
    engines: {node: '>= 0.4'}

  escape-html@1.0.3:
    resolution: {integrity: sha512-NiSupZ4OeuGwr68lGIeym/ksIZMJodUGOSCZ/FSnTxcrekbvqrgdUxlJOMpijaKZVjAJrWrGs/6Jy8OMuyj9ow==, tarball: https://registry.npmjs.org/escape-html/-/escape-html-1.0.3.tgz}

  etag@1.8.1:
    resolution: {integrity: sha512-aIL5Fx7mawVa300al2BnEE4iNvo1qETxLrPI/o05L7z6go7fCw1J6EQmbK4FmJ2AS7kgVF/KEZWufBfdClMcPg==, tarball: https://registry.npmjs.org/etag/-/etag-1.8.1.tgz}
    engines: {node: '>= 0.6'}

  express-rate-limit@8.7.0:
    resolution: {integrity: sha512-hOwV7WOxXfjRpAM1DSJWZDXx3GhplwD8IfwuwvogD8i1Qnkgosw/H45s4ZnFAUHDAhPjlY9hLBvJhKmGMyY26g==, tarball: https://registry.npmjs.org/express-rate-limit/-/express-rate-limit-8.7.0.tgz}
    engines: {node: '>= 16'}
    peerDependencies:
      express: '>= 4.11'

  express@5.2.1:
    resolution: {integrity: sha512-hIS4idWWai69NezIdRt2xFVofaF4j+6INOpJlVOLDO8zXGpUVEVzIYk12UUi2JzjEzWL3IOAxcTubgz9Po0yXw==, tarball: https://registry.npmjs.org/express/-/express-5.2.1.tgz}
    engines: {node: '>= 18'}

  fast-png@6.4.0:
    resolution: {integrity: sha512-kAqZq1TlgBjZcLr5mcN6NP5Rv4V2f22z00c3g8vRrwkcqjerx7BEhPbOnWCPqaHUl2XWQBJQvOT/FQhdMT7X/Q==, tarball: https://registry.npmjs.org/fast-png/-/fast-png-6.4.0.tgz}

  fast-sha256@1.3.0:
    resolution: {integrity: sha512-n11RGP/lrWEFI/bWdygLxhI+pVeo1ZYIVwvvPkW7azl/rOy+F3HYRZ2K5zeE9mmkhQppyv9sQFx0JM9UabnpPQ==, tarball: https://registry.npmjs.org/fast-sha256/-/fast-sha256-1.3.0.tgz}

  fflate@0.8.3:
    resolution: {integrity: sha512-tbZNuJrLwGUp3zshBtdy4W+ORxZuIh8a5ilyIEQDC5rY1f3U20JMry0Ll3WBzU58EZKsEuJFXhb5gwv8CsPvgA==, tarball: https://registry.npmjs.org/fflate/-/fflate-0.8.3.tgz}

  finalhandler@2.1.1:
    resolution: {integrity: sha512-S8KoZgRZN+a5rNwqTxlZZePjT/4cnm0ROV70LedRHZ0p8u9fRID0hJUZQpkKLzro8LfmC8sx23bY6tVNxv8pQA==, tarball: https://registry.npmjs.org/finalhandler/-/finalhandler-2.1.1.tgz}
    engines: {node: '>= 18.0.0'}

  forwarded@0.2.0:
    resolution: {integrity: sha512-buRG0fpBtRHSTCOASe6hD258tEubFoRLb4ZNA6NxMVHNw2gOcwHo9wyablzMzOA5z9xA9L1KNjk/Nt6MT9aYow==, tarball: https://registry.npmjs.org/forwarded/-/forwarded-0.2.0.tgz}
    engines: {node: '>= 0.6'}

  fresh@2.0.0:
    resolution: {integrity: sha512-Rx/WycZ60HOaqLKAi6cHRKKI7zxWbJ31MhntmtwMoaTeF7XFH9hhBp8vITaMidfljRQ6eYWCKkaTK+ykVJHP2A==, tarball: https://registry.npmjs.org/fresh/-/fresh-2.0.0.tgz}
    engines: {node: '>= 0.8'}

  function-bind@1.1.2:
    resolution: {integrity: sha512-7XHNxH7qX9xG5mIwxkhumTox/MIRNcOgDrxWsMt2pAr23WHp6MrRlN7FBSFpCpr+oVO0F744iUgR82nJMfG2SA==, tarball: https://registry.npmjs.org/function-bind/-/function-bind-1.1.2.tgz}

  get-intrinsic@1.3.0:
    resolution: {integrity: sha512-9fSjSaos/fRIVIp+xSJlE6lfwhES7LNtKaCBIamHsjr2na1BiABJPo0mOjjz8GJDURarmCPGqaiVg5mfjb98CQ==, tarball: https://registry.npmjs.org/get-intrinsic/-/get-intrinsic-1.3.0.tgz}
    engines: {node: '>= 0.4'}

  get-proto@1.0.1:
    resolution: {integrity: sha512-sTSfBjoXBp89JvIKIefqw7U2CCebsc74kiY6awiGogKtoSGbgjYE/G/+l9sF3MWFPNc9IcoOC4ODfKHfxFmp0g==, tarball: https://registry.npmjs.org/get-proto/-/get-proto-1.0.1.tgz}
    engines: {node: '>= 0.4'}

  gopd@1.2.0:
    resolution: {integrity: sha512-ZUKRh6/kUFoAiTAtTYPZJ3hw9wNxx+BIBOijnlG9PnrJsCcSjs1wyyD6vJpaYtgnzDrKYRSqf3OO6Rfa93xsRg==, tarball: https://registry.npmjs.org/gopd/-/gopd-1.2.0.tgz}
    engines: {node: '>= 0.4'}

  has-symbols@1.1.0:
    resolution: {integrity: sha512-1cDNdwJ2Jaohmb3sg4OmKaMBwuC48sYni5HUw2DvsC8LjGTLK9h+eb1X6RyuOHe4hT0ULCW68iomhjUoKUqlPQ==, tarball: https://registry.npmjs.org/has-symbols/-/has-symbols-1.1.0.tgz}
    engines: {node: '>= 0.4'}

  hasown@2.0.4:
    resolution: {integrity: sha512-T2UbfbBEF32wiepXIsMlTW9+dDYC6wMh/t/vYA4tuOMKqWz/n3vr1NFSxQiyP+zk2mXsoMA/i/7qV6LKut1t1A==, tarball: https://registry.npmjs.org/hasown/-/hasown-2.0.4.tgz}
    engines: {node: '>= 0.4'}

  helmet@8.3.0:
    resolution: {integrity: sha512-Qgpiaws3Sm30Av8Eah6sjMCZZwjlBu+E68rhpCWBshY1lb09HtLwj5GviX0OyQIn+ulUS0iX0AxN5n3tLZzz1w==, tarball: https://registry.npmjs.org/helmet/-/helmet-8.3.0.tgz}
    engines: {node: '>=18.0.0'}

  html2canvas@1.4.1:
    resolution: {integrity: sha512-fPU6BHNpsyIhr8yyMpTLLxAbkaK8ArIBcmZIRiBLiDhjeqvXolaEmDGmELFuX9I4xDcaKKcJl+TKZLqruBbmWA==, tarball: https://registry.npmjs.org/html2canvas/-/html2canvas-1.4.1.tgz}
    engines: {node: '>=8.0.0'}

  http-errors@2.0.1:
    resolution: {integrity: sha512-4FbRdAX+bSdmo4AUFuS0WNiPz8NgFt+r8ThgNWmlrjQjt1Q7ZR9+zTlce2859x4KSXrwIsaeTqDoKQmtP8pLmQ==, tarball: https://registry.npmjs.org/http-errors/-/http-errors-2.0.1.tgz}
    engines: {node: '>= 0.8'}

  iconv-lite@0.7.3:
    resolution: {integrity: sha512-IKXpvIzjnC9XTAUbVBcMfGS0EPaIXtW6v+zr+RRp+hqULEpo0owZax6wyRwPOJbWbzjYspQwusTsfVr0ifh4uQ==, tarball: https://registry.npmjs.org/iconv-lite/-/iconv-lite-0.7.3.tgz}
    engines: {node: '>=0.10.0'}

  inherits@2.0.4:
    resolution: {integrity: sha512-k/vGaX4/Yla3WzyMCvTQOXYeIHvqOKtnqBduzTHpzpQZzAskKMhZ2K+EnBiSM9zGSoIFeMpXKxa4dYeZIQqewQ==, tarball: https://registry.npmjs.org/inherits/-/inherits-2.0.4.tgz}

  iobuffer@5.4.0:
    resolution: {integrity: sha512-DRebOWuqDvxunfkNJAlc3IzWIPD5xVxwUNbHr7xKB8E6aLJxIPfNX3CoMJghcFjpv6RWQsrcJbghtEwSPoJqMA==, tarball: https://registry.npmjs.org/iobuffer/-/iobuffer-5.4.0.tgz}

  ip-address@10.7.0:
    resolution: {integrity: sha512-BGFsyJd5mpXp3rK6jIdADLNgpJUK1jnjzvYF8lK+VyDab9JAmqN0YOKDdP17HlgKb2+ehPgDc8EtnRLbGCAMhA==, tarball: https://registry.npmjs.org/ip-address/-/ip-address-10.7.0.tgz}
    engines: {node: '>= 12'}

  ipaddr.js@1.9.1:
    resolution: {integrity: sha512-0KI/607xoxSToH7GjN1FfSbLoU0+btTicjsQSWQlh/hZykN8KpmMf7uYwPW3R+akZ6R/w18ZlXSHBYXiYUPO3g==, tarball: https://registry.npmjs.org/ipaddr.js/-/ipaddr.js-1.9.1.tgz}
    engines: {node: '>= 0.10'}

  is-promise@4.0.0:
    resolution: {integrity: sha512-hvpoI6korhJMnej285dSg6nu1+e6uxs7zG3BYAm5byqDsgJNWwxzM6z6iZiAgQR4TJ30JmBTOwqZUw3WlyH3AQ==, tarball: https://registry.npmjs.org/is-promise/-/is-promise-4.0.0.tgz}

  jspdf@4.2.1:
    resolution: {integrity: sha512-YyAXyvnmjTbR4bHQRLzex3CuINCDlQnBqoSYyjJwTP2x9jDLuKDzy7aKUl0hgx3uhcl7xzg32agn5vlie6HIlQ==, tarball: https://registry.npmjs.org/jspdf/-/jspdf-4.2.1.tgz}

  math-intrinsics@1.1.0:
    resolution: {integrity: sha512-/IXtbwEk5HTPyEwyKX6hGkYXxM9nbj64B+ilVJnC/R6B0pH5G4V3b0pVbL7DBj4tkhBAppbQUlf6F6Xl9LHu1g==, tarball: https://registry.npmjs.org/math-intrinsics/-/math-intrinsics-1.1.0.tgz}
    engines: {node: '>= 0.4'}

  media-typer@1.1.1:
    resolution: {integrity: sha512-yz3xRaG20c6/BOzvYoDaGtPmGscs7YivItZEEqe6GbwNfHuxu9YNmvnEkMzKldAGY4/80pRcQRZSEnhquk9XuQ==, tarball: https://registry.npmjs.org/media-typer/-/media-typer-1.1.1.tgz}
    engines: {node: '>= 0.8'}

  merge-descriptors@2.0.0:
    resolution: {integrity: sha512-Snk314V5ayFLhp3fkUREub6WtjBfPdCPY1Ln8/8munuLuiYhsABgBVWsozAG+MWMbVEvcdcpbi9R7ww22l9Q3g==, tarball: https://registry.npmjs.org/merge-descriptors/-/merge-descriptors-2.0.0.tgz}
    engines: {node: '>=18'}

  mime-db@1.54.0:
    resolution: {integrity: sha512-aU5EJuIN2WDemCcAp2vFBfp/m4EAhWJnUNSSw0ixs7/kXbd6Pg64EmwJkNdFhB8aWt1sH2CTXrLxo/iAGV3oPQ==, tarball: https://registry.npmjs.org/mime-db/-/mime-db-1.54.0.tgz}
    engines: {node: '>= 0.6'}

  mime-types@3.0.2:
    resolution: {integrity: sha512-Lbgzdk0h4juoQ9fCKXW4by0UJqj+nOOrI9MJ1sSj4nI8aI2eo1qmvQEie4VD1glsS250n15LsWsYtCugiStS5A==, tarball: https://registry.npmjs.org/mime-types/-/mime-types-3.0.2.tgz}
    engines: {node: '>=18'}

  ms@2.1.3:
    resolution: {integrity: sha512-6FlzubTLZG3J2a/NVCAleEhjzq5oxgHyaCU9yYXvcLsvoVaHJq/s5xXI6/XXP6tz7R9xAOtHnSO/tXtF3WRTlA==, tarball: https://registry.npmjs.org/ms/-/ms-2.1.3.tgz}

  negotiator@1.1.0:
    resolution: {integrity: sha512-NMPBRMJgiQHjbd8phG3Vebdx4kZ1H121rbl5IkMqeOsahptB9BKo/d7oJ3zTXqTgagn2bWlNSXkh0QUGM31RYg==, tarball: https://registry.npmjs.org/negotiator/-/negotiator-1.1.0.tgz}
    engines: {node: '>=18'}

  object-inspect@1.13.4:
    resolution: {integrity: sha512-W67iLl4J2EXEGTbfeHCffrjDfitvLANg0UlX3wFUUSTx92KXRFegMHUVgSqE+wvhAbi4WqjGg9czysTV2Epbew==, tarball: https://registry.npmjs.org/object-inspect/-/object-inspect-1.13.4.tgz}
    engines: {node: '>= 0.4'}

  on-finished@2.4.1:
    resolution: {integrity: sha512-oVlzkg3ENAhCk2zdv7IJwd/QUD4z2RxRwpkcGY8psCVcCYZNq4wYnVWALHM+brtuJjePWiYF/ClmuDr8Ch5+kg==, tarball: https://registry.npmjs.org/on-finished/-/on-finished-2.4.1.tgz}
    engines: {node: '>= 0.8'}

  once@1.4.0:
    resolution: {integrity: sha512-lNaJgI+2Q5URQBkccEKHTQOPaXdUxnZZElQTZY0MFUAuaEqe1E+Nyvgdz/aIyNi6Z9MzO5dv1H8n58/GELp3+w==, tarball: https://registry.npmjs.org/once/-/once-1.4.0.tgz}

  pako@2.2.0:
    resolution: {integrity: sha512-zJq6RP/5q+TO2OpFV3FHzlPnFjmkb7Nc99a5SNjJE+uu/PkpChs+NIZSSzbBoD+6kjiISXjfYdwj1ZRQ81dz/w==, tarball: https://registry.npmjs.org/pako/-/pako-2.2.0.tgz}

  parseurl@1.3.3:
    resolution: {integrity: sha512-CiyeOxFT/JZyN5m0z9PfXw4SCBJ6Sygz1Dpl0wqjlhDEGGBP1GnsUVEL0p63hoG1fcj3fHynXi9NYO4nWOL+qQ==, tarball: https://registry.npmjs.org/parseurl/-/parseurl-1.3.3.tgz}
    engines: {node: '>= 0.8'}

  path-to-regexp@8.4.2:
    resolution: {integrity: sha512-qRcuIdP69NPm4qbACK+aDogI5CBDMi1jKe0ry5rSQJz8JVLsC7jV8XpiJjGRLLol3N+R5ihGYcrPLTno6pAdBA==, tarball: https://registry.npmjs.org/path-to-regexp/-/path-to-regexp-8.4.2.tgz}

  performance-now@2.1.0:
    resolution: {integrity: sha512-7EAHlyLHI56VEIdK57uwHdHKIaAGbnXPiw0yWbarQZOKaKpvUIgW0jWRVLiatnM+XXlSwsanIBH/hzGMJulMow==, tarball: https://registry.npmjs.org/performance-now/-/performance-now-2.1.0.tgz}

  postal-mime@2.7.5:
    resolution: {integrity: sha512-GNEXKvWFQnbgO5NlrGzVa0FmWzBZ24PersAWErttSg1Hjpf0ATxTwS5DOMGaOpTG6bUh5cTr7xi0jAD942wCJA==, tarball: https://registry.npmjs.org/postal-mime/-/postal-mime-2.7.5.tgz}

  proxy-addr@2.0.7:
    resolution: {integrity: sha512-llQsMLSUDUPT44jdrU/O37qlnifitDP+ZwrmmZcoSKyLKvtZxpyV0n2/bD/N4tBAAZ/gJEdZU7KMraoK1+XYAg==, tarball: https://registry.npmjs.org/proxy-addr/-/proxy-addr-2.0.7.tgz}
    engines: {node: '>= 0.10'}

  qs@6.16.0:
    resolution: {integrity: sha512-h6fhOIaRrID2CbEY2fqs+7t+UXZo+MLAnU5gRIq85uFtdiUPCdsApMlHhXogKVM4HM2DVbIjGNTTYH2OcmP1vA==, tarball: https://registry.npmjs.org/qs/-/qs-6.16.0.tgz}
    engines: {node: '>=0.6'}

  raf@3.4.1:
    resolution: {integrity: sha512-Sq4CW4QhwOHE8ucn6J34MqtZCeWFP2aQSmrlroYgqAV1PjStIhJXxYuTgUIfkEk7zTLjmIjLmU5q+fbD1NnOJA==, tarball: https://registry.npmjs.org/raf/-/raf-3.4.1.tgz}

  range-parser@1.3.0:
    resolution: {integrity: sha512-hek2mFQpPuI4E1BBKrSto+BU3e3x4xuarsbiwr3+lf7p44juvFMV0XFWQAP3xUyqXA4RrXLIoaSUGbSt056ZMw==, tarball: https://registry.npmjs.org/range-parser/-/range-parser-1.3.0.tgz}
    engines: {node: '>= 0.6'}

  raw-body@3.0.2:
    resolution: {integrity: sha512-K5zQjDllxWkf7Z5xJdV0/B0WTNqx6vxG70zJE4N0kBs4LovmEYWJzQGxC9bS9RAKu3bgM40lrd5zoLJ12MQ5BA==, tarball: https://registry.npmjs.org/raw-body/-/raw-body-3.0.2.tgz}
    engines: {node: '>= 0.10'}

  regenerator-runtime@0.13.11:
    resolution: {integrity: sha512-kY1AZVr2Ra+t+piVaJ4gxaFaReZVH40AKNo7UCX6W+dEwBo/2oZJzqfuN1qLq1oL45o56cPaTXELwrTh8Fpggg==, tarball: https://registry.npmjs.org/regenerator-runtime/-/regenerator-runtime-0.13.11.tgz}

  resend@6.28.0:
    resolution: {integrity: sha512-xhRMQDZRjvJQ+sWJA3wFaoeVe5CpTxJJAfHnnULX8vifjj4QQLCLRn/AfnMZ4YmVhpFkuiX4LKxZCcj54l67Yw==, tarball: https://registry.npmjs.org/resend/-/resend-6.28.0.tgz}
    engines: {node: '>=20'}
    peerDependencies:
      '@react-email/render': '*'
    peerDependenciesMeta:
      '@react-email/render':
        optional: true

  rgbcolor@1.0.1:
    resolution: {integrity: sha512-9aZLIrhRaD97sgVhtJOW6ckOEh6/GnvQtdVNfdZ6s67+3/XwLS9lBcQYzEEhYVeUowN7pRzMLsyGhK2i/xvWbw==, tarball: https://registry.npmjs.org/rgbcolor/-/rgbcolor-1.0.1.tgz}
    engines: {node: '>= 0.8.15'}

  router@2.2.0:
    resolution: {integrity: sha512-nLTrUKm2UyiL7rlhapu/Zl45FwNgkZGaCpZbIHajDYgwlJCOzLSk+cIPAnsEqV955GjILJnKbdQC1nVPz+gAYQ==, tarball: https://registry.npmjs.org/router/-/router-2.2.0.tgz}
    engines: {node: '>= 18'}

  safer-buffer@2.1.2:
    resolution: {integrity: sha512-YZo3K82SD7Riyi0E1EQPojLz7kpepnSQI9IyPbHHg1XXXevb5dJI7tpyN2ADxGcQbHG7vcyRHk0cbwqcQriUtg==, tarball: https://registry.npmjs.org/safer-buffer/-/safer-buffer-2.1.2.tgz}

  send@1.2.1:
    resolution: {integrity: sha512-1gnZf7DFcoIcajTjTwjwuDjzuz4PPcY2StKPlsGAQ1+YH20IRVrBaXSWmdjowTJ6u8Rc01PoYOGHXfP1mYcZNQ==, tarball: https://registry.npmjs.org/send/-/send-1.2.1.tgz}
    engines: {node: '>= 18'}

  serve-static@2.2.1:
    resolution: {integrity: sha512-xRXBn0pPqQTVQiC8wyQrKs2MOlX24zQ0POGaj0kultvoOCstBQM5yvOhAVSUwOMjQtTvsPWoNCHfPGwaaQJhTw==, tarball: https://registry.npmjs.org/serve-static/-/serve-static-2.2.1.tgz}
    engines: {node: '>= 18'}

  setprototypeof@1.2.0:
    resolution: {integrity: sha512-E5LDX7Wrp85Kil5bhZv46j8jOeboKq5JMmYM3gVGdGH8xFpPWXUMsNrlODCrkoxMEeNi/XZIwuRvY4XNwYMJpw==, tarball: https://registry.npmjs.org/setprototypeof/-/setprototypeof-1.2.0.tgz}

  side-channel-list@1.0.1:
    resolution: {integrity: sha512-mjn/0bi/oUURjc5Xl7IaWi/OJJJumuoJFQJfDDyO46+hBWsfaVM65TBHq2eoZBhzl9EchxOijpkbRC8SVBQU0w==, tarball: https://registry.npmjs.org/side-channel-list/-/side-channel-list-1.0.1.tgz}
    engines: {node: '>= 0.4'}

  side-channel-map@1.0.1:
    resolution: {integrity: sha512-VCjCNfgMsby3tTdo02nbjtM/ewra6jPHmpThenkTYh8pG9ucZ/1P8So4u4FGBek/BjpOVsDCMoLA/iuBKIFXRA==, tarball: https://registry.npmjs.org/side-channel-map/-/side-channel-map-1.0.1.tgz}
    engines: {node: '>= 0.4'}

  side-channel-weakmap@1.0.2:
    resolution: {integrity: sha512-WPS/HvHQTYnHisLo9McqBHOJk2FkHO/tlpvldyrnem4aeQp4hai3gythswg6p01oSoTl58rcpiFAjF2br2Ak2A==, tarball: https://registry.npmjs.org/side-channel-weakmap/-/side-channel-weakmap-1.0.2.tgz}
    engines: {node: '>= 0.4'}

  side-channel@1.1.1:
    resolution: {integrity: sha512-6x6dK6zJdpTzF4sQeNYxwtvBzf6Eg4GtlesS94HOvTudUeyK2WXAaIfmDgsyslYrRBeFIlsi54AYsFGUuhmvrQ==, tarball: https://registry.npmjs.org/side-channel/-/side-channel-1.1.1.tgz}
    engines: {node: '>= 0.4'}

  stackblur-canvas@2.7.0:
    resolution: {integrity: sha512-yf7OENo23AGJhBriGx0QivY5JP6Y1HbrrDI6WLt6C5auYZXlQrheoY8hD4ibekFKz1HOfE48Ww8kMWMnJD/zcQ==, tarball: https://registry.npmjs.org/stackblur-canvas/-/stackblur-canvas-2.7.0.tgz}
    engines: {node: '>=0.1.14'}

  standardwebhooks@1.0.0:
    resolution: {integrity: sha512-BbHGOQK9olHPMvQNHWul6MYlrRTAOKn03rOe4A8O3CLWhNf4YHBqq2HJKKC+sfqpxiBY52pNeesD6jIiLDz8jg==, tarball: https://registry.npmjs.org/standardwebhooks/-/standardwebhooks-1.0.0.tgz}

  statuses@2.0.2:
    resolution: {integrity: sha512-DvEy55V3DB7uknRo+4iOGT5fP1slR8wQohVdknigZPMpMstaKJQWhwiYBACJE3Ul2pTnATihhBYnRhZQHGBiRw==, tarball: https://registry.npmjs.org/statuses/-/statuses-2.0.2.tgz}
    engines: {node: '>= 0.8'}

  svg-pathdata@6.0.3:
    resolution: {integrity: sha512-qsjeeq5YjBZ5eMdFuUa4ZosMLxgr5RZ+F+Y1OrDhuOCEInRMA3x74XdBtggJcj9kOeInz0WE+LgCPDkZFlBYJw==, tarball: https://registry.npmjs.org/svg-pathdata/-/svg-pathdata-6.0.3.tgz}
    engines: {node: '>=12.0.0'}

  text-segmentation@1.0.3:
    resolution: {integrity: sha512-iOiPUo/BGnZ6+54OsWxZidGCsdU8YbE4PSpdPinp7DeMtUJNJBoJ/ouUSTJjHkh1KntHaltHl/gDs2FC4i5+Nw==, tarball: https://registry.npmjs.org/text-segmentation/-/text-segmentation-1.0.3.tgz}

  toidentifier@1.0.1:
    resolution: {integrity: sha512-o5sSPKEkg/DIQNmH43V0/uerLrpzVedkUh8tGNvaeXpfpuwjKenlSox/2O/BTlZUtEe+JG7s5YhEz608PlAHRA==, tarball: https://registry.npmjs.org/toidentifier/-/toidentifier-1.0.1.tgz}
    engines: {node: '>=0.6'}

  type-is@2.1.0:
    resolution: {integrity: sha512-faYHw0anBbc/kWF3zFTEnxSFOAGUX9GFbOBthvDdLsIlEoWOFOtS0zgCiQYwIskL9iGXZL3kAXD8OoZ4GmMATA==, tarball: https://registry.npmjs.org/type-is/-/type-is-2.1.0.tgz}
    engines: {node: '>= 18'}

  unpipe@1.0.0:
    resolution: {integrity: sha512-pjy2bYhSsufwWlKwPc+l3cN7+wuJlK6uz0YdJEOlQDbl6jo/YlPi4mb8agUkVC8BF7V8NuzeyPNqRksA3hztKQ==, tarball: https://registry.npmjs.org/unpipe/-/unpipe-1.0.0.tgz}
    engines: {node: '>= 0.8'}

  utrie@1.0.2:
    resolution: {integrity: sha512-1MLa5ouZiOmQzUbjbu9VmjLzn1QLXBhwpUa7kdLUQK+KQ5KA9I1vk5U4YHe/X2Ch7PYnJfWuWT+VbuxbGwljhw==, tarball: https://registry.npmjs.org/utrie/-/utrie-1.0.2.tgz}

  vary@1.1.2:
    resolution: {integrity: sha512-BNGbWLfd0eUPabhkXUVm0j8uuvREyTh5ovRa/dyow/BqAbZJyC+5fU+IzQOzmAKzYqYRAISoRhdQr3eIZ/PXqg==, tarball: https://registry.npmjs.org/vary/-/vary-1.1.2.tgz}
    engines: {node: '>= 0.8'}

  wrappy@1.0.2:
    resolution: {integrity: sha512-l4Sp/DRseor9wL6EvV2+TuQn63dMkPjZ/sp9XkghTEbV9KlPS1xUsZ3u7/IQO4wxtcFB4bgpQPRcR3QCvezPcQ==, tarball: https://registry.npmjs.org/wrappy/-/wrappy-1.0.2.tgz}

  zod@4.6.2:
    resolution: {integrity: sha512-lh5RCAGFa1Cm2hjtNwLQhSs/AsqdWnTQaBER9fEwN/88pSh7KOtJavtBx/0VlkN/uFd61SwYmljLMDAsHlvzBQ==, tarball: https://registry.npmjs.org/zod/-/zod-4.6.2.tgz}

snapshots:

  '@babel/runtime@7.29.7': {}

  '@stablelib/base64@1.0.1': {}

  '@types/pako@2.0.4': {}

  '@types/raf@3.4.3':
    optional: true

  '@types/trusted-types@2.0.7':
    optional: true

  accepts@2.0.0:
    dependencies:
      mime-types: 3.0.2
      negotiator: 1.1.0

  base64-arraybuffer@1.0.2: {}

  body-parser@2.3.0:
    dependencies:
      bytes: 3.1.2
      content-type: 2.1.0
      debug: 4.4.3
      http-errors: 2.0.1
      iconv-lite: 0.7.3
      on-finished: 2.4.1
      qs: 6.16.0
      raw-body: 3.0.2
      type-is: 2.1.0
    transitivePeerDependencies:
      - supports-color

  bytes@3.1.2: {}

  call-bind-apply-helpers@1.0.2:
    dependencies:
      es-errors: 1.3.0
      function-bind: 1.1.2

  call-bound@1.0.4:
    dependencies:
      call-bind-apply-helpers: 1.0.2
      get-intrinsic: 1.3.0

  canvg@3.0.11:
    dependencies:
      '@babel/runtime': 7.29.7
      '@types/raf': 3.4.3
      core-js: 3.50.0
      raf: 3.4.1
      regenerator-runtime: 0.13.11
      rgbcolor: 1.0.1
      stackblur-canvas: 2.7.0
      svg-pathdata: 6.0.3
    optional: true

  content-disposition@1.1.0: {}

  content-type@1.0.5: {}

  content-type@2.1.0: {}

  cookie-parser@1.4.7:
    dependencies:
      cookie: 0.7.2
      cookie-signature: 1.0.6

  cookie-signature@1.0.6: {}

  cookie-signature@1.2.2: {}

  cookie@0.7.2: {}

  core-js@3.50.0:
    optional: true

  css-line-break@2.1.0:
    dependencies:
      utrie: 1.0.2

  debug@4.4.3:
    dependencies:
      ms: 2.1.3

  depd@2.0.0: {}

  dompurify@3.4.15:
    optionalDependencies:
      '@types/trusted-types': 2.0.7
    optional: true

  dotenv@17.4.2: {}

  dunder-proto@1.0.1:
    dependencies:
      call-bind-apply-helpers: 1.0.2
      es-errors: 1.3.0
      gopd: 1.2.0

  ee-first@1.1.1: {}

  encodeurl@2.0.0: {}

  es-define-property@1.0.1: {}

  es-errors@1.3.0: {}

  es-object-atoms@1.1.2:
    dependencies:
      es-errors: 1.3.0

  escape-html@1.0.3: {}

  etag@1.8.1: {}

  express-rate-limit@8.7.0(express@5.2.1):
    dependencies:
      debug: 4.4.3
      express: 5.2.1
      ip-address: 10.7.0
    transitivePeerDependencies:
      - supports-color

  express@5.2.1:
    dependencies:
      accepts: 2.0.0
      body-parser: 2.3.0
      content-disposition: 1.1.0
      content-type: 1.0.5
      cookie: 0.7.2
      cookie-signature: 1.2.2
      debug: 4.4.3
      depd: 2.0.0
      encodeurl: 2.0.0
      escape-html: 1.0.3
      etag: 1.8.1
      finalhandler: 2.1.1
      fresh: 2.0.0
      http-errors: 2.0.1
      merge-descriptors: 2.0.0
      mime-types: 3.0.2
      on-finished: 2.4.1
      once: 1.4.0
      parseurl: 1.3.3
      proxy-addr: 2.0.7
      qs: 6.16.0
      range-parser: 1.3.0
      router: 2.2.0
      send: 1.2.1
      serve-static: 2.2.1
      statuses: 2.0.2
      type-is: 2.1.0
      vary: 1.1.2
    transitivePeerDependencies:
      - supports-color

  fast-png@6.4.0:
    dependencies:
      '@types/pako': 2.0.4
      iobuffer: 5.4.0
      pako: 2.2.0

  fast-sha256@1.3.0: {}

  fflate@0.8.3: {}

  finalhandler@2.1.1:
    dependencies:
      debug: 4.4.3
      encodeurl: 2.0.0
      escape-html: 1.0.3
      on-finished: 2.4.1
      parseurl: 1.3.3
      statuses: 2.0.2
    transitivePeerDependencies:
      - supports-color

  forwarded@0.2.0: {}

  fresh@2.0.0: {}

  function-bind@1.1.2: {}

  get-intrinsic@1.3.0:
    dependencies:
      call-bind-apply-helpers: 1.0.2
      es-define-property: 1.0.1
      es-errors: 1.3.0
      es-object-atoms: 1.1.2
      function-bind: 1.1.2
      get-proto: 1.0.1
      gopd: 1.2.0
      has-symbols: 1.1.0
      hasown: 2.0.4
      math-intrinsics: 1.1.0

  get-proto@1.0.1:
    dependencies:
      dunder-proto: 1.0.1
      es-object-atoms: 1.1.2

  gopd@1.2.0: {}

  has-symbols@1.1.0: {}

  hasown@2.0.4:
    dependencies:
      function-bind: 1.1.2

  helmet@8.3.0: {}

  html2canvas@1.4.1:
    dependencies:
      css-line-break: 2.1.0
      text-segmentation: 1.0.3

  http-errors@2.0.1:
    dependencies:
      depd: 2.0.0
      inherits: 2.0.4
      setprototypeof: 1.2.0
      statuses: 2.0.2
      toidentifier: 1.0.1

  iconv-lite@0.7.3:
    dependencies:
      safer-buffer: 2.1.2

  inherits@2.0.4: {}

  iobuffer@5.4.0: {}

  ip-address@10.7.0: {}

  ipaddr.js@1.9.1: {}

  is-promise@4.0.0: {}

  jspdf@4.2.1:
    dependencies:
      '@babel/runtime': 7.29.7
      fast-png: 6.4.0
      fflate: 0.8.3
    optionalDependencies:
      canvg: 3.0.11
      core-js: 3.50.0
      dompurify: 3.4.15
      html2canvas: 1.4.1

  math-intrinsics@1.1.0: {}

  media-typer@1.1.1: {}

  merge-descriptors@2.0.0: {}

  mime-db@1.54.0: {}

  mime-types@3.0.2:
    dependencies:
      mime-db: 1.54.0

  ms@2.1.3: {}

  negotiator@1.1.0:
    dependencies:
      content-type: 2.1.0

  object-inspect@1.13.4: {}

  on-finished@2.4.1:
    dependencies:
      ee-first: 1.1.1

  once@1.4.0:
    dependencies:
      wrappy: 1.0.2

  pako@2.2.0: {}

  parseurl@1.3.3: {}

  path-to-regexp@8.4.2: {}

  performance-now@2.1.0:
    optional: true

  postal-mime@2.7.5: {}

  proxy-addr@2.0.7:
    dependencies:
      forwarded: 0.2.0
      ipaddr.js: 1.9.1

  qs@6.16.0:
    dependencies:
      es-define-property: 1.0.1
      side-channel: 1.1.1

  raf@3.4.1:
    dependencies:
      performance-now: 2.1.0
    optional: true

  range-parser@1.3.0: {}

  raw-body@3.0.2:
    dependencies:
      bytes: 3.1.2
      http-errors: 2.0.1
      iconv-lite: 0.7.3
      unpipe: 1.0.0

  regenerator-runtime@0.13.11:
    optional: true

  resend@6.28.0:
    dependencies:
      postal-mime: 2.7.5
      standardwebhooks: 1.0.0

  rgbcolor@1.0.1:
    optional: true

  router@2.2.0:
    dependencies:
      debug: 4.4.3
      depd: 2.0.0
      is-promise: 4.0.0
      parseurl: 1.3.3
      path-to-regexp: 8.4.2
    transitivePeerDependencies:
      - supports-color

  safer-buffer@2.1.2: {}

  send@1.2.1:
    dependencies:
      debug: 4.4.3
      encodeurl: 2.0.0
      escape-html: 1.0.3
      etag: 1.8.1
      fresh: 2.0.0
      http-errors: 2.0.1
      mime-types: 3.0.2
      ms: 2.1.3
      on-finished: 2.4.1
      range-parser: 1.3.0
      statuses: 2.0.2
    transitivePeerDependencies:
      - supports-color

  serve-static@2.2.1:
    dependencies:
      encodeurl: 2.0.0
      escape-html: 1.0.3
      parseurl: 1.3.3
      send: 1.2.1
    transitivePeerDependencies:
      - supports-color

  setprototypeof@1.2.0: {}

  side-channel-list@1.0.1:
    dependencies:
      es-errors: 1.3.0
      object-inspect: 1.13.4

  side-channel-map@1.0.1:
    dependencies:
      call-bound: 1.0.4
      es-errors: 1.3.0
      get-intrinsic: 1.3.0
      object-inspect: 1.13.4

  side-channel-weakmap@1.0.2:
    dependencies:
      call-bound: 1.0.4
      es-errors: 1.3.0
      get-intrinsic: 1.3.0
      object-inspect: 1.13.4
      side-channel-map: 1.0.1

  side-channel@1.1.1:
    dependencies:
      es-errors: 1.3.0
      object-inspect: 1.13.4
      side-channel-list: 1.0.1
      side-channel-map: 1.0.1
      side-channel-weakmap: 1.0.2

  stackblur-canvas@2.7.0:
    optional: true

  standardwebhooks@1.0.0:
    dependencies:
      '@stablelib/base64': 1.0.1
      fast-sha256: 1.3.0

  statuses@2.0.2: {}

  svg-pathdata@6.0.3:
    optional: true

  text-segmentation@1.0.3:
    dependencies:
      utrie: 1.0.2

  toidentifier@1.0.1: {}

  type-is@2.1.0:
    dependencies:
      content-type: 2.1.0
      media-typer: 1.1.1
      mime-types: 3.0.2

  unpipe@1.0.0: {}

  utrie@1.0.2:
    dependencies:
      base64-arraybuffer: 1.0.2

  vary@1.1.2: {}

  wrappy@1.0.2: {}

  zod@4.6.2: {}
